// !$*UTF8*$!
{
	archiveVersion = 1;
	classes = {
	};
	objectVersion = 56;
	objects = {

/* Begin PBXBuildFile section */
		D32D29942ABD164A001A83F3 /* DailyStepGoalTest Watch App.app in Embed Watch Content */ = {isa = PBXBuildFile; fileRef = D32D29932ABD164A001A83F3 /* DailyStepGoalTest Watch App.app */; settings = {ATTRIBUTES = (RemoveHeadersOnCopy, ); }; };
		D32D29992ABD164A001A83F3 /* DailyStepGoalTestApp.swift in Sources */ = {isa = PBXBuildFile; fileRef = D32D29982ABD164A001A83F3 /* DailyStepGoalTestApp.swift */; };
		D32D299B2ABD164A001A83F3 /* ContentView.swift in Sources */ = {isa = PBXBuildFile; fileRef = D32D299A2ABD164A001A83F3 /* ContentView.swift */; };
		D32D299D2ABD164B001A83F3 /* Assets.xcassets in Resources */ = {isa = PBXBuildFile; fileRef = D32D299C2ABD164B001A83F3 /* Assets.xcassets */; };
		D32D29A02ABD164B001A83F3 /* Preview Assets.xcassets in Resources */ = {isa = PBXBuildFile; fileRef = D32D299F2ABD164B001A83F3 /* Preview Assets.xcassets */; };
		D32D29AA2ABD164B001A83F3 /* DailyStepGoalTest_Watch_AppTests.swift in Sources */ = {isa = PBXBuildFile; fileRef = D32D29A92ABD164B001A83F3 /* DailyStepGoalTest_Watch_AppTests.swift */; };
		D32D29B42ABD164B001A83F3 /* DailyStepGoalTest_Watch_AppUITests.swift in Sources */ = {isa = PBXBuildFile; fileRef = D32D29B32ABD164B001A83F3 /* DailyStepGoalTest_Watch_AppUITests.swift */; };
		D32D29B62ABD164B001A83F3 /* DailyStepGoalTest_Watch_AppUITestsLaunchTests.swift in Sources */ = {isa = PBXBuildFile; fileRef = D32D29B52ABD164B001A83F3 /* DailyStepGoalTest_Watch_AppUITestsLaunchTests.swift */; };
		D32D29C82ABD17F1001A83F3 /* HealthManager.swift in Sources */ = {isa = PBXBuildFile; fileRef = D32D29C72ABD17F1001A83F3 /* HealthManager.swift */; };
/* End PBXBuildFile section */

/* Begin PBXContainerItemProxy section */
		D32D29952ABD164A001A83F3 /* PBXContainerItemProxy */ = {
			isa = PBXContainerItemProxy;
			containerPortal = D32D29872ABD164A001A83F3 /* Project object */;
			proxyType = 1;
			remoteGlobalIDString = D32D29922ABD164A001A83F3;
			remoteInfo = "DailyStepGoalTest Watch App";
		};
		D32D29A62ABD164B001A83F3 /* PBXContainerItemProxy */ = {
			isa = PBXContainerItemProxy;
			containerPortal = D32D29872ABD164A001A83F3 /* Project object */;
			proxyType = 1;
			remoteGlobalIDString = D32D29922ABD164A001A83F3;
			remoteInfo = "DailyStepGoalTest Watch App";
		};
		D32D29B02ABD164B001A83F3 /* PBXContainerItemProxy */ = {
			isa = PBXContainerItemProxy;
			containerPortal = D32D29872ABD164A001A83F3 /* Project object */;
			proxyType = 1;
			remoteGlobalIDString = D32D29922ABD164A001A83F3;
			remoteInfo = "DailyStepGoalTest Watch App";
		};
/* End PBXContainerItemProxy section */

/* Begin PBXCopyFilesBuildPhase section */
		D32D29BC2ABD164B001A83F3 /* Embed Watch Content */ = {
			isa = PBXCopyFilesBuildPhase;
			buildActionMask = 2147483647;
			dstPath = "$(CONTENTS_FOLDER_PATH)/Watch";
			dstSubfolderSpec = 16;
			files = (
				D32D29942ABD164A001A83F3 /* DailyStepGoalTest Watch App.app in Embed Watch Content */,
			);
			name = "Embed Watch Content";
			runOnlyForDeploymentPostprocessing = 0;
		};
/* End PBXCopyFilesBuildPhase section */

/* Begin PBXFileReference section */
		D32D298D2ABD164A001A83F3 /* DailyStepGoalTest.app */ = {isa = PBXFileReference; explicitFileType = wrapper.application; includeInIndex = 0; path = DailyStepGoalTest.app; sourceTree = BUILT_PRODUCTS_DIR; };
		D32D29932ABD164A001A83F3 /* DailyStepGoalTest Watch App.app */ = {isa = PBXFileReference; explicitFileType = wrapper.application; includeInIndex = 0; path = "DailyStepGoalTest Watch App.app"; sourceTree = BUILT_PRODUCTS_DIR; };
		D32D29982ABD164A001A83F3 /* DailyStepGoalTestApp.swift */ = {isa = PBXFileReference; lastKnownFileType = sourcecode.swift; path = DailyStepGoalTestApp.swift; sourceTree = "<group>"; };
		D32D299A2ABD164A001A83F3 /* ContentView.swift */ = {isa = PBXFileReference; lastKnownFileType = sourcecode.swift; path = ContentView.swift; sourceTree = "<group>"; };
		D32D299C2ABD164B001A83F3 /* Assets.xcassets */ = {isa = PBXFileReference; lastKnownFileType = folder.assetcatalog; path = Assets.xcassets; sourceTree = "<group>"; };
		D32D299F2ABD164B001A83F3 /* Preview Assets.xcassets */ = {isa = PBXFileReference; lastKnownFileType = folder.assetcatalog; path = "Preview Assets.xcassets"; sourceTree = "<group>"; };
		D32D29A52ABD164B001A83F3 /* DailyStepGoalTest Watch AppTests.xctest */ = {isa = PBXFileReference; explicitFileType = wrapper.cfbundle; includeInIndex = 0; path = "DailyStepGoalTest Watch AppTests.xctest"; sourceTree = BUILT_PRODUCTS_DIR; };
		D32D29A92ABD164B001A83F3 /* DailyStepGoalTest_Watch_AppTests.swift */ = {isa = PBXFileReference; lastKnownFileType = sourcecode.swift; path = DailyStepGoalTest_Watch_AppTests.swift; sourceTree = "<group>"; };
		D32D29AF2ABD164B001A83F3 /* DailyStepGoalTest Watch AppUITests.xctest */ = {isa = PBXFileReference; explicitFileType = wrapper.cfbundle; includeInIndex = 0; path = "DailyStepGoalTest Watch AppUITests.xctest"; sourceTree = BUILT_PRODUCTS_DIR; };
		D32D29B32ABD164B001A83F3 /* DailyStepGoalTest_Watch_AppUITests.swift */ = {isa = PBXFileReference; lastKnownFileType = sourcecode.swift; path = DailyStepGoalTest_Watch_AppUITests.swift; sourceTree = "<group>"; };
		D32D29B52ABD164B001A83F3 /* DailyStepGoalTest_Watch_AppUITestsLaunchTests.swift */ = {isa = PBXFileReference; lastKnownFileType = sourcecode.swift; path = DailyStepGoalTest_Watch_AppUITestsLaunchTests.swift; sourceTree = "<group>"; };
		D32D29C62ABD177D001A83F3 /* DailyStepGoalTest Watch App.entitlements */ = {isa = PBXFileReference; lastKnownFileType = text.plist.entitlements; path = "DailyStepGoalTest Watch App.entitlements"; sourceTree = "<group>"; };
		D32D29C72ABD17F1001A83F3 /* HealthManager.swift */ = {isa = PBXFileReference; lastKnownFileType = sourcecode.swift; path = HealthManager.swift; sourceTree = "<group>"; };
		D32D29C92ABD18F0001A83F3 /* DailyStepGoalTest-Watch-App-Info.plist */ = {isa = PBXFileReference; lastKnownFileType = text.plist; path = "DailyStepGoalTest-Watch-App-Info.plist"; sourceTree = SOURCE_ROOT; };
/* End PBXFileReference section */

/* Begin PBXFrameworksBuildPhase section */
		D32D29902ABD164A001A83F3 /* Frameworks */ = {
			isa = PBXFrameworksBuildPhase;
			buildActionMask = 2147483647;
			files = (
			);
			runOnlyForDeploymentPostprocessing = 0;
		};
		D32D29A22ABD164B001A83F3 /* Frameworks */ = {
			isa = PBXFrameworksBuildPhase;
			buildActionMask = 2147483647;
			files = (
			);
			runOnlyForDeploymentPostprocessing = 0;
		};
		D32D29AC2ABD164B001A83F3 /* Frameworks */ = {
			isa = PBXFrameworksBuildPhase;
			buildActionMask = 2147483647;
			files = (
			);
			runOnlyForDeploymentPostprocessing = 0;
		};
/* End PBXFrameworksBuildPhase section */

/* Begin PBXGroup section */
		D32D29862ABD164A001A83F3 = {
			isa = PBXGroup;
			children = (
				D32D29972ABD164A001A83F3 /* DailyStepGoalTest Watch App */,
				D32D29A82ABD164B001A83F3 /* DailyStepGoalTest Watch AppTests */,
				D32D29B22ABD164B001A83F3 /* DailyStepGoalTest Watch AppUITests */,
				D32D298E2ABD164A001A83F3 /* Products */,
			);
			sourceTree = "<group>";
		};
		D32D298E2ABD164A001A83F3 /* Products */ = {
			isa = PBXGroup;
			children = (
				D32D298D2ABD164A001A83F3 /* DailyStepGoalTest.app */,
				D32D29932ABD164A001A83F3 /* DailyStepGoalTest Watch App.app */,
				D32D29A52ABD164B001A83F3 /* DailyStepGoalTest Watch AppTests.xctest */,
				D32D29AF2ABD164B001A83F3 /* DailyStepGoalTest Watch AppUITests.xctest */,
			);
			name = Products;
			sourceTree = "<group>";
		};
		D32D29972ABD164A001A83F3 /* DailyStepGoalTest Watch App */ = {
			isa = PBXGroup;
			children = (
				D32D29C92ABD18F0001A83F3 /* DailyStepGoalTest-Watch-App-Info.plist */,
				D32D29C62ABD177D001A83F3 /* DailyStepGoalTest Watch App.entitlements */,
				D32D29982ABD164A001A83F3 /* DailyStepGoalTestApp.swift */,
				D32D299A2ABD164A001A83F3 /* ContentView.swift */,
				D32D299C2ABD164B001A83F3 /* Assets.xcassets */,
				D32D299E2ABD164B001A83F3 /* Preview Content */,
				D32D29C72ABD17F1001A83F3 /* HealthManager.swift */,
			);
			path = "DailyStepGoalTest Watch App";
			sourceTree = "<group>";
		};
		D32D299E2ABD164B001A83F3 /* Preview Content */ = {
			isa = PBXGroup;
			children = (
				D32D299F2ABD164B001A83F3 /* Preview Assets.xcassets */,
			);
			path = "Preview Content";
			sourceTree = "<group>";
		};
		D32D29A82ABD164B001A83F3 /* DailyStepGoalTest Watch AppTests */ = {
			isa = PBXGroup;
			children = (
				D32D29A92ABD164B001A83F3 /* DailyStepGoalTest_Watch_AppTests.swift */,
			);
			path = "DailyStepGoalTest Watch AppTests";
			sourceTree = "<group>";
		};
		D32D29B22ABD164B001A83F3 /* DailyStepGoalTest Watch AppUITests */ = {
			isa = PBXGroup;
			children = (
				D32D29B32ABD164B001A83F3 /* DailyStepGoalTest_Watch_AppUITests.swift */,
				D32D29B52ABD164B001A83F3 /* DailyStepGoalTest_Watch_AppUITestsLaunchTests.swift */,
			);
			path = "DailyStepGoalTest Watch AppUITests";
			sourceTree = "<group>";
		};
/* End PBXGroup section */

/* Begin PBXNativeTarget section */
		D32D298C2ABD164A001A83F3 /* DailyStepGoalTest */ = {
			isa = PBXNativeTarget;
			buildConfigurationList = D32D29BD2ABD164B001A83F3 /* Build configuration list for PBXNativeTarget "DailyStepGoalTest" */;
			buildPhases = (
				D32D298B2ABD164A001A83F3 /* Resources */,
				D32D29BC2ABD164B001A83F3 /* Embed Watch Content */,
			);
			buildRules = (
			);
			dependencies = (
				D32D29962ABD164A001A83F3 /* PBXTargetDependency */,
			);
			name = DailyStepGoalTest;
			productName = DailyStepGoalTest;
			productReference = D32D298D2ABD164A001A83F3 /* DailyStepGoalTest.app */;
			productType = "com.apple.product-type.application.watchapp2-container";
		};
		D32D29922ABD164A001A83F3 /* DailyStepGoalTest Watch App */ = {
			isa = PBXNativeTarget;
			buildConfigurationList = D32D29B92ABD164B001A83F3 /* Build configuration list for PBXNativeTarget "DailyStepGoalTest Watch App" */;
			buildPhases = (
				D32D298F2ABD164A001A83F3 /* Sources */,
				D32D29902ABD164A001A83F3 /* Frameworks */,
				D32D29912ABD164A001A83F3 /* Resources */,
			);
			buildRules = (
			);
			dependencies = (
			);
			name = "DailyStepGoalTest Watch App";
			productName = "DailyStepGoalTest Watch App";
			productReference = D32D29932ABD164A001A83F3 /* DailyStepGoalTest Watch App.app */;
			productType = "com.apple.product-type.application";
		};
		D32D29A42ABD164B001A83F3 /* DailyStepGoalTest Watch AppTests */ = {
			isa = PBXNativeTarget;
			buildConfigurationList = D32D29C02ABD164B001A83F3 /* Build configuration list for PBXNativeTarget "DailyStepGoalTest Watch AppTests" */;
			buildPhases = (
				D32D29A12ABD164B001A83F3 /* Sources */,
				D32D29A22ABD164B001A83F3 /* Frameworks */,
				D32D29A32ABD164B001A83F3 /* Resources */,
			);
			buildRules = (
			);
			dependencies = (
				D32D29A72ABD164B001A83F3 /* PBXTargetDependency */,
			);
			name = "DailyStepGoalTest Watch AppTests";
			productName = "DailyStepGoalTest Watch AppTests";
			productReference = D32D29A52ABD164B001A83F3 /* DailyStepGoalTest Watch AppTests.xctest */;
			productType = "com.apple.product-type.bundle.unit-test";
		};
		D32D29AE2ABD164B001A83F3 /* DailyStepGoalTest Watch AppUITests */ = {
			isa = PBXNativeTarget;
			buildConfigurationList = D32D29C32ABD164B001A83F3 /* Build configuration list for PBXNativeTarget "DailyStepGoalTest Watch AppUITests" */;
			buildPhases = (
				D32D29AB2ABD164B001A83F3 /* Sources */,
				D32D29AC2ABD164B001A83F3 /* Frameworks */,
				D32D29AD2ABD164B001A83F3 /* Resources */,
			);
			buildRules = (
			);
			dependencies = (
				D32D29B12ABD164B001A83F3 /* PBXTargetDependency */,
			);
			name = "DailyStepGoalTest Watch AppUITests";
			productName = "DailyStepGoalTest Watch AppUITests";
			productReference = D32D29AF2ABD164B001A83F3 /* DailyStepGoalTest Watch AppUITests.xctest */;
			productType = "com.apple.product-type.bundle.ui-testing";
		};
/* End PBXNativeTarget section */

/* Begin PBXProject section */
		D32D29872ABD164A001A83F3 /* Project object */ = {
			isa = PBXProject;
			attributes = {
				BuildIndependentTargetsInParallel = 1;
				LastSwiftUpdateCheck = 1500;
				LastUpgradeCheck = 1500;
				TargetAttributes = {
					D32D298C2ABD164A001A83F3 = {
						CreatedOnToolsVersion = 15.0;
					};
					D32D29922ABD164A001A83F3 = {
						CreatedOnToolsVersion = 15.0;
					};
					D32D29A42ABD164B001A83F3 = {
						CreatedOnToolsVersion = 15.0;
						TestTargetID = D32D29922ABD164A001A83F3;
					};
					D32D29AE2ABD164B001A83F3 = {
						CreatedOnToolsVersion = 15.0;
						TestTargetID = D32D29922ABD164A001A83F3;
					};
				};
			};
			buildConfigurationList = D32D298A2ABD164A001A83F3 /* Build configuration list for PBXProject "DailyStepGoalTest" */;
			compatibilityVersion = "Xcode 14.0";
			developmentRegion = en;
			hasScannedForEncodings = 0;
			knownRegions = (
				en,
				Base,
			);
			mainGroup = D32D29862ABD164A001A83F3;
			productRefGroup = D32D298E2ABD164A001A83F3 /* Products */;
			projectDirPath = "";
			projectRoot = "";
			targets = (
				D32D298C2ABD164A001A83F3 /* DailyStepGoalTest */,
				D32D29922ABD164A001A83F3 /* DailyStepGoalTest Watch App */,
				D32D29A42ABD164B001A83F3 /* DailyStepGoalTest Watch AppTests */,
				D32D29AE2ABD164B001A83F3 /* DailyStepGoalTest Watch AppUITests */,
			);
		};
/* End PBXProject section */

/* Begin PBXResourcesBuildPhase section */
		D32D298B2ABD164A001A83F3 /* Resources */ = {
			isa = PBXResourcesBuildPhase;
			buildActionMask = 2147483647;
			files = (
			);
			runOnlyForDeploymentPostprocessing = 0;
		};
		D32D29912ABD164A001A83F3 /* Resources */ = {
			isa = PBXResourcesBuildPhase;
			buildActionMask = 2147483647;
			files = (
				D32D29A02ABD164B001A83F3 /* Preview Assets.xcassets in Resources */,
				D32D299D2ABD164B001A83F3 /* Assets.xcassets in Resources */,
			);
			runOnlyForDeploymentPostprocessing = 0;
		};
		D32D29A32ABD164B001A83F3 /* Resources */ = {
			isa = PBXResourcesBuildPhase;
			buildActionMask = 2147483647;
			files = (
			);
			runOnlyForDeploymentPostprocessing = 0;
		};
		D32D29AD2ABD164B001A83F3 /* Resources */ = {
			isa = PBXResourcesBuildPhase;
			buildActionMask = 2147483647;
			files = (
			);
			runOnlyForDeploymentPostprocessing = 0;
		};
/* End PBXResourcesBuildPhase section */

/* Begin PBXSourcesBuildPhase section */
		D32D298F2ABD164A001A83F3 /* Sources */ = {
			isa = PBXSourcesBuildPhase;
			buildActionMask = 2147483647;
			files = (
				D32D299B2ABD164A001A83F3 /* ContentView.swift in Sources */,
				D32D29C82ABD17F1001A83F3 /* HealthManager.swift in Sources */,
				D32D29992ABD164A001A83F3 /* DailyStepGoalTestApp.swift in Sources */,
			);
			runOnlyForDeploymentPostprocessing = 0;
		};
		D32D29A12ABD164B001A83F3 /* Sources */ = {
			isa = PBXSourcesBuildPhase;
			buildActionMask = 2147483647;
			files = (
				D32D29AA2ABD164B001A83F3 /* DailyStepGoalTest_Watch_AppTests.swift in Sources */,
			);
			runOnlyForDeploymentPostprocessing = 0;
		};
		D32D29AB2ABD164B001A83F3 /* Sources */ = {
			isa = PBXSourcesBuildPhase;
			buildActionMask = 2147483647;
			files = (
				D32D29B42ABD164B001A83F3 /* DailyStepGoalTest_Watch_AppUITests.swift in Sources */,
				D32D29B62ABD164B001A83F3 /* DailyStepGoalTest_Watch_AppUITestsLaunchTests.swift in Sources */,
			);
			runOnlyForDeploymentPostprocessing = 0;
		};
/* End PBXSourcesBuildPhase section */

/* Begin PBXTargetDependency section */
		D32D29962ABD164A001A83F3 /* PBXTargetDependency */ = {
			isa = PBXTargetDependency;
			target = D32D29922ABD164A001A83F3 /* DailyStepGoalTest Watch App */;
			targetProxy = D32D29952ABD164A001A83F3 /* PBXContainerItemProxy */;
		};
		D32D29A72ABD164B001A83F3 /* PBXTargetDependency */ = {
			isa = PBXTargetDependency;
			target = D32D29922ABD164A001A83F3 /* DailyStepGoalTest Watch App */;
			targetProxy = D32D29A62ABD164B001A83F3 /* PBXContainerItemProxy */;
		};
		D32D29B12ABD164B001A83F3 /* PBXTargetDependency */ = {
			isa = PBXTargetDependency;
			target = D32D29922ABD164A001A83F3 /* DailyStepGoalTest Watch App */;
			targetProxy = D32D29B02ABD164B001A83F3 /* PBXContainerItemProxy */;
		};
/* End PBXTargetDependency section */

/* Begin XCBuildConfiguration section */
		D32D29B72ABD164B001A83F3 /* Debug */ = {
			isa = XCBuildConfiguration;
			buildSettings = {
				ALWAYS_SEARCH_USER_PATHS = NO;
				ASSETCATALOG_COMPILER_GENERATE_SWIFT_ASSET_SYMBOL_EXTENSIONS = YES;
				CLANG_ANALYZER_NONNULL = YES;
				CLANG_ANALYZER_NUMBER_OBJECT_CONVERSION = YES_AGGRESSIVE;
				CLANG_CXX_LANGUAGE_STANDARD = "gnu++20";
				CLANG_ENABLE_MODULES = YES;
				CLANG_ENABLE_OBJC_ARC = YES;
				CLANG_ENABLE_OBJC_WEAK = YES;
				CLANG_WARN_BLOCK_CAPTURE_AUTORELEASING = YES;
				CLANG_WARN_BOOL_CONVERSION = YES;
				CLANG_WARN_COMMA = YES;
				CLANG_WARN_CONSTANT_CONVERSION = YES;
				CLANG_WARN_DEPRECATED_OBJC_IMPLEMENTATIONS = YES;
				CLANG_WARN_DIRECT_OBJC_ISA_USAGE = YES_ERROR;
				CLANG_WARN_DOCUMENTATION_COMMENTS = YES;
				CLANG_WARN_EMPTY_BODY = YES;
				CLANG_WARN_ENUM_CONVERSION = YES;
				CLANG_WARN_INFINITE_RECURSION = YES;
				CLANG_WARN_INT_CONVERSION = YES;
				CLANG_WARN_NON_LITERAL_NULL_CONVERSION = YES;
				CLANG_WARN_OBJC_IMPLICIT_RETAIN_SELF = YES;
				CLANG_WARN_OBJC_LITERAL_CONVERSION = YES;
				CLANG_WARN_OBJC_ROOT_CLASS = YES_ERROR;
				CLANG_WARN_QUOTED_INCLUDE_IN_FRAMEWORK_HEADER = YES;
				CLANG_WARN_RANGE_LOOP_ANALYSIS = YES;
				CLANG_WARN_STRICT_PROTOTYPES = YES;
				CLANG_WARN_SUSPICIOUS_MOVE = YES;
				CLANG_WARN_UNGUARDED_AVAILABILITY = YES_AGGRESSIVE;
				CLANG_WARN_UNREACHABLE_CODE = YES;
				CLANG_WARN__DUPLICATE_METHOD_MATCH = YES;
				COPY_PHASE_STRIP = NO;
				DEBUG_INFORMATION_FORMAT = dwarf;
				ENABLE_STRICT_OBJC_MSGSEND = YES;
				ENABLE_TESTABILITY = YES;
				ENABLE_USER_SCRIPT_SANDBOXING = YES;
				GCC_C_LANGUAGE_STANDARD = gnu17;
				GCC_DYNAMIC_NO_PIC = NO;
				GCC_NO_COMMON_BLOCKS = YES;
				GCC_OPTIMIZATION_LEVEL = 0;
				GCC_PREPROCESSOR_DEFINITIONS = (
					"DEBUG=1",
					"$(inherited)",
				);
				GCC_WARN_64_TO_32_BIT_CONVERSION = YES;
				GCC_WARN_ABOUT_RETURN_TYPE = YES_ERROR;
				GCC_WARN_UNDECLARED_SELECTOR = YES;
				GCC_WARN_UNINITIALIZED_AUTOS = YES_AGGRESSIVE;
				GCC_WARN_UNUSED_FUNCTION = YES;
				GCC_WARN_UNUSED_VARIABLE = YES;
				LOCALIZATION_PREFERS_STRING_CATALOGS = YES;
				MTL_ENABLE_DEBUG_INFO = INCLUDE_SOURCE;
				MTL_FAST_MATH = YES;
				ONLY_ACTIVE_ARCH = YES;
				SWIFT_ACTIVE_COMPILATION_CONDITIONS = "DEBUG $(inherited)";
				SWIFT_OPTIMIZATION_LEVEL = "-Onone";
			};
			name = Debug;
		};
		D32D29B82ABD164B001A83F3 /* Release */ = {
			isa = XCBuildConfiguration;
			buildSettings = {
				ALWAYS_SEARCH_USER_PATHS = NO;
				ASSETCATALOG_COMPILER_GENERATE_SWIFT_ASSET_SYMBOL_EXTENSIONS = YES;
				CLANG_ANALYZER_NONNULL = YES;
				CLANG_ANALYZER_NUMBER_OBJECT_CONVERSION = YES_AGGRESSIVE;
				CLANG_CXX_LANGUAGE_STANDARD = "gnu++20";
				CLANG_ENABLE_MODULES = YES;
				CLANG_ENABLE_OBJC_ARC = YES;
				CLANG_ENABLE_OBJC_WEAK = YES;
				CLANG_WARN_BLOCK_CAPTURE_AUTORELEASING = YES;
				CLANG_WARN_BOOL_CONVERSION = YES;
				CLANG_WARN_COMMA = YES;
				CLANG_WARN_CONSTANT_CONVERSION = YES;
				CLANG_WARN_DEPRECATED_OBJC_IMPLEMENTATIONS = YES;
				CLANG_WARN_DIRECT_OBJC_ISA_USAGE = YES_ERROR;
				CLANG_WARN_DOCUMENTATION_COMMENTS = YES;
				CLANG_WARN_EMPTY_BODY = YES;
				CLANG_WARN_ENUM_CONVERSION = YES;
				CLANG_WARN_INFINITE_RECURSION = YES;
				CLANG_WARN_INT_CONVERSION = YES;
				CLANG_WARN_NON_LITERAL_NULL_CONVERSION = YES;
				CLANG_WARN_OBJC_IMPLICIT_RETAIN_SELF = YES;
				CLANG_WARN_OBJC_LITERAL_CONVERSION = YES;
				CLANG_WARN_OBJC_ROOT_CLASS = YES_ERROR;
				CLANG_WARN_QUOTED_INCLUDE_IN_FRAMEWORK_HEADER = YES;
				CLANG_WARN_RANGE_LOOP_ANALYSIS = YES;
				CLANG_WARN_STRICT_PROTOTYPES = YES;
				CLANG_WARN_SUSPICIOUS_MOVE = YES;
				CLANG_WARN_UNGUARDED_AVAILABILITY = YES_AGGRESSIVE;
				CLANG_WARN_UNREACHABLE_CODE = YES;
				CLANG_WARN__DUPLICATE_METHOD_MATCH = YES;
				COPY_PHASE_STRIP = NO;
				DEBUG_INFORMATION_FORMAT = "dwarf-with-dsym";
				ENABLE_NS_ASSERTIONS = NO;
				ENABLE_STRICT_OBJC_MSGSEND = YES;
				ENABLE_USER_SCRIPT_SANDBOXING = YES;
				GCC_C_LANGUAGE_STANDARD = gnu17;
				GCC_NO_COMMON_BLOCKS = YES;
				GCC_WARN_64_TO_32_BIT_CONVERSION = YES;
				GCC_WARN_ABOUT_RETURN_TYPE = YES_ERROR;
				GCC_WARN_UNDECLARED_SELECTOR = YES;
				GCC_WARN_UNINITIALIZED_AUTOS = YES_AGGRESSIVE;
				GCC_WARN_UNUSED_FUNCTION = YES;
				GCC_WARN_UNUSED_VARIABLE = YES;
				LOCALIZATION_PREFERS_STRING_CATALOGS = YES;
				MTL_ENABLE_DEBUG_INFO = NO;
				MTL_FAST_MATH = YES;
				SWIFT_COMPILATION_MODE = wholemodule;
			};
			name = Release;
		};
		D32D29BA2ABD164B001A83F3 /* Debug */ = {
			isa = XCBuildConfiguration;
			buildSettings = {
				ASSETCATALOG_COMPILER_APPICON_NAME = AppIcon;
				ASSETCATALOG_COMPILER_GLOBAL_ACCENT_COLOR_NAME = AccentColor;
				CODE_SIGN_ENTITLEMENTS = "DailyStepGoalTest Watch App/DailyStepGoalTest Watch App.entitlements";
				CODE_SIGN_STYLE = Automatic;
				CURRENT_PROJECT_VERSION = 1;
				DEVELOPMENT_ASSET_PATHS = "\"DailyStepGoalTest Watch App/Preview Content\"";
				DEVELOPMENT_TEAM = ZU78LZES28;
				ENABLE_PREVIEWS = YES;
				GENERATE_INFOPLIST_FILE = YES;
				INFOPLIST_FILE = "DailyStepGoalTest-Watch-App-Info.plist";
				INFOPLIST_KEY_CFBundleDisplayName = DailyStepGoalTest;
				INFOPLIST_KEY_NSHealthClinicalHealthRecordsShareUsageDescription = USAGE;
				INFOPLIST_KEY_NSHealthShareUsageDescription = "We are going to need to share stuff.";
				INFOPLIST_KEY_NSHealthUpdateUsageDescription = UPDATE;
				INFOPLIST_KEY_UISupportedInterfaceOrientations = "UIInterfaceOrientationPortrait UIInterfaceOrientationPortraitUpsideDown";
				INFOPLIST_KEY_WKWatchOnly = YES;
				LD_RUNPATH_SEARCH_PATHS = (
					"$(inherited)",
					"@executable_path/Frameworks",
				);
				MARKETING_VERSION = 1.0;
				PRODUCT_BUNDLE_IDENTIFIER = com.dakotakim.DailyStepGoalTest.watchkitapp;
				PRODUCT_NAME = "$(TARGET_NAME)";
				SDKROOT = watchos;
				SKIP_INSTALL = YES;
				SWIFT_EMIT_LOC_STRINGS = YES;
				SWIFT_VERSION = 5.0;
				TARGETED_DEVICE_FAMILY = 4;
				WATCHOS_DEPLOYMENT_TARGET = 10.0;
			};
			name = Debug;
		};
		D32D29BB2ABD164B001A83F3 /* Release */ = {
			isa = XCBuildConfiguration;
			buildSettings = {
				ASSETCATALOG_COMPILER_APPICON_NAME = AppIcon;
				ASSETCATALOG_COMPILER_GLOBAL_ACCENT_COLOR_NAME = AccentColor;
				CODE_SIGN_ENTITLEMENTS = "DailyStepGoalTest Watch App/DailyStepGoalTest Watch App.entitlements";
				CODE_SIGN_STYLE = Automatic;
				CURRENT_PROJECT_VERSION = 1;
				DEVELOPMENT_ASSET_PATHS = "\"DailyStepGoalTest Watch App/Preview Content\"";
				DEVELOPMENT_TEAM = ZU78LZES28;
				ENABLE_PREVIEWS = YES;
				GENERATE_INFOPLIST_FILE = YES;
				INFOPLIST_FILE = "DailyStepGoalTest-Watch-App-Info.plist";
				INFOPLIST_KEY_CFBundleDisplayName = DailyStepGoalTest;
				INFOPLIST_KEY_NSHealthClinicalHealthRecordsShareUsageDescription = USAGE;
				INFOPLIST_KEY_NSHealthShareUsageDescription = "We are going to need to share stuff.";
				INFOPLIST_KEY_NSHealthUpdateUsageDescription = UPDATE;
				INFOPLIST_KEY_UISupportedInterfaceOrientations = "UIInterfaceOrientationPortrait UIInterfaceOrientationPortraitUpsideDown";
				INFOPLIST_KEY_WKWatchOnly = YES;
				LD_RUNPATH_SEARCH_PATHS = (
					"$(inherited)",
					"@executable_path/Frameworks",
				);
				MARKETING_VERSION = 1.0;
				PRODUCT_BUNDLE_IDENTIFIER = com.dakotakim.DailyStepGoalTest.watchkitapp;
				PRODUCT_NAME = "$(TARGET_NAME)";
				SDKROOT = watchos;
				SKIP_INSTALL = YES;
				SWIFT_EMIT_LOC_STRINGS = YES;
				SWIFT_VERSION = 5.0;
				TARGETED_DEVICE_FAMILY = 4;
				VALIDATE_PRODUCT = YES;
				WATCHOS_DEPLOYMENT_TARGET = 10.0;
			};
			name = Release;
		};
		D32D29BE2ABD164B001A83F3 /* Debug */ = {
			isa = XCBuildConfiguration;
			buildSettings = {
				ALWAYS_EMBED_SWIFT_STANDARD_LIBRARIES = YES;
				CODE_SIGN_STYLE = Automatic;
				CURRENT_PROJECT_VERSION = 1;
				DEVELOPMENT_TEAM = ZU78LZES28;
				INFOPLIST_KEY_CFBundleDisplayName = DailyStepGoalTest;
				MARKETING_VERSION = 1.0;
				PRODUCT_BUNDLE_IDENTIFIER = com.dakotakim.DailyStepGoalTest;
				PRODUCT_NAME = "$(TARGET_NAME)";
				SDKROOT = iphoneos;
				SWIFT_VERSION = 5.0;
			};
			name = Debug;
		};
		D32D29BF2ABD164B001A83F3 /* Release */ = {
			isa = XCBuildConfiguration;
			buildSettings = {
				ALWAYS_EMBED_SWIFT_STANDARD_LIBRARIES = YES;
				CODE_SIGN_STYLE = Automatic;
				CURRENT_PROJECT_VERSION = 1;
				DEVELOPMENT_TEAM = ZU78LZES28;
				INFOPLIST_KEY_CFBundleDisplayName = DailyStepGoalTest;
				MARKETING_VERSION = 1.0;
				PRODUCT_BUNDLE_IDENTIFIER = com.dakotakim.DailyStepGoalTest;
				PRODUCT_NAME = "$(TARGET_NAME)";
				SDKROOT = iphoneos;
				SWIFT_VERSION = 5.0;
				VALIDATE_PRODUCT = YES;
			};
			name = Release;
		};
		D32D29C12ABD164B001A83F3 /* Debug */ = {
			isa = XCBuildConfiguration;
			buildSettings = {
				ALWAYS_EMBED_SWIFT_STANDARD_LIBRARIES = YES;
				BUNDLE_LOADER = "$(TEST_HOST)";
				CODE_SIGN_STYLE = Automatic;
				CURRENT_PROJECT_VERSION = 1;
				DEVELOPMENT_TEAM = ZU78LZES28;
				GENERATE_INFOPLIST_FILE = YES;
				MARKETING_VERSION = 1.0;
				PRODUCT_BUNDLE_IDENTIFIER = "com.dakotakim.DailyStepGoalTest-Watch-AppTests";
				PRODUCT_NAME = "$(TARGET_NAME)";
				SDKROOT = watchos;
				SWIFT_EMIT_LOC_STRINGS = NO;
				SWIFT_VERSION = 5.0;
				TARGETED_DEVICE_FAMILY = 4;
				TEST_HOST = "$(BUILT_PRODUCTS_DIR)/DailyStepGoalTest Watch App.app/$(BUNDLE_EXECUTABLE_FOLDER_PATH)/DailyStepGoalTest Watch App";
				WATCHOS_DEPLOYMENT_TARGET = 10.0;
			};
			name = Debug;
		};
		D32D29C22ABD164B001A83F3 /* Release */ = {
			isa = XCBuildConfiguration;
			buildSettings = {
				ALWAYS_EMBED_SWIFT_STANDARD_LIBRARIES = YES;
				BUNDLE_LOADER = "$(TEST_HOST)";
				CODE_SIGN_STYLE = Automatic;
				CURRENT_PROJECT_VERSION = 1;
				DEVELOPMENT_TEAM = ZU78LZES28;
				GENERATE_INFOPLIST_FILE = YES;
				MARKETING_VERSION = 1.0;
				PRODUCT_BUNDLE_IDENTIFIER = "com.dakotakim.DailyStepGoalTest-Watch-AppTests";
				PRODUCT_NAME = "$(TARGET_NAME)";
				SDKROOT = watchos;
				SWIFT_EMIT_LOC_STRINGS = NO;
				SWIFT_VERSION = 5.0;
				TARGETED_DEVICE_FAMILY = 4;
				TEST_HOST = "$(BUILT_PRODUCTS_DIR)/DailyStepGoalTest Watch App.app/$(BUNDLE_EXECUTABLE_FOLDER_PATH)/DailyStepGoalTest Watch App";
				VALIDATE_PRODUCT = YES;
				WATCHOS_DEPLOYMENT_TARGET = 10.0;
			};
			name = Release;
		};
		D32D29C42ABD164B001A83F3 /* Debug */ = {
			isa = XCBuildConfiguration;
			buildSettings = {
				ALWAYS_EMBED_SWIFT_STANDARD_LIBRARIES = YES;
				CODE_SIGN_STYLE = Automatic;
				CURRENT_PROJECT_VERSION = 1;
				DEVELOPMENT_TEAM = ZU78LZES28;
				GENERATE_INFOPLIST_FILE = YES;
				MARKETING_VERSION = 1.0;
				PRODUCT_BUNDLE_IDENTIFIER = "com.dakotakim.DailyStepGoalTest-Watch-AppUITests";
				PRODUCT_NAME = "$(TARGET_NAME)";
				SDKROOT = watchos;
				SWIFT_EMIT_LOC_STRINGS = NO;
				SWIFT_VERSION = 5.0;
				TARGETED_DEVICE_FAMILY = 4;
				TEST_TARGET_NAME = "DailyStepGoalTest Watch App";
				WATCHOS_DEPLOYMENT_TARGET = 10.0;
			};
			name = Debug;
		};
		D32D29C52ABD164B001A83F3 /* Release */ = {
			isa = XCBuildConfiguration;
			buildSettings = {
				ALWAYS_EMBED_SWIFT_STANDARD_LIBRARIES = YES;
				CODE_SIGN_STYLE = Automatic;
				CURRENT_PROJECT_VERSION = 1;
				DEVELOPMENT_TEAM = ZU78LZES28;
				GENERATE_INFOPLIST_FILE = YES;
				MARKETING_VERSION = 1.0;
				PRODUCT_BUNDLE_IDENTIFIER = "com.dakotakim.DailyStepGoalTest-Watch-AppUITests";
				PRODUCT_NAME = "$(TARGET_NAME)";
				SDKROOT = watchos;
				SWIFT_EMIT_LOC_STRINGS = NO;
				SWIFT_VERSION = 5.0;
				TARGETED_DEVICE_FAMILY = 4;
				TEST_TARGET_NAME = "DailyStepGoalTest Watch App";
				VALIDATE_PRODUCT = YES;
				WATCHOS_DEPLOYMENT_TARGET = 10.0;
			};
			name = Release;
		};
/* End XCBuildConfiguration section */

/* Begin XCConfigurationList section */
		D32D298A2ABD164A001A83F3 /* Build configuration list for PBXProject "DailyStepGoalTest" */ = {
			isa = XCConfigurationList;
			buildConfigurations = (
				D32D29B72ABD164B001A83F3 /* Debug */,
				D32D29B82ABD164B001A83F3 /* Release */,
			);
			defaultConfigurationIsVisible = 0;
			defaultConfigurationName = Release;
		};
		D32D29B92ABD164B001A83F3 /* Build configuration list for PBXNativeTarget "DailyStepGoalTest Watch App" */ = {
			isa = XCConfigurationList;
			buildConfigurations = (
				D32D29BA2ABD164B001A83F3 /* Debug */,
				D32D29BB2ABD164B001A83F3 /* Release */,
			);
			defaultConfigurationIsVisible = 0;
			defaultConfigurationName = Release;
		};
		D32D29BD2ABD164B001A83F3 /* Build configuration list for PBXNativeTarget "DailyStepGoalTest" */ = {
			isa = XCConfigurationList;
			buildConfigurations = (
				D32D29BE2ABD164B001A83F3 /* Debug */,
				D32D29BF2ABD164B001A83F3 /* Release */,
			);
			defaultConfigurationIsVisible = 0;
			defaultConfigurationName = Release;
		};
		D32D29C02ABD164B001A83F3 /* Build configuration list for PBXNativeTarget "DailyStepGoalTest Watch AppTests" */ = {
			isa = XCConfigurationList;
			buildConfigurations = (
				D32D29C12ABD164B001A83F3 /* Debug */,
				D32D29C22ABD164B001A83F3 /* Release */,
			);
			defaultConfigurationIsVisible = 0;
			defaultConfigurationName = Release;
		};
		D32D29C32ABD164B001A83F3 /* Build configuration list for PBXNativeTarget "DailyStepGoalTest Watch AppUITests" */ = {
			isa = XCConfigurationList;
			buildConfigurations = (
				D32D29C42ABD164B001A83F3 /* Debug */,
				D32D29C52ABD164B001A83F3 /* Release */,
			);
			defaultConfigurationIsVisible = 0;
			defaultConfigurationName = Release;
		};
/* End XCConfigurationList section */
	};
	rootObject = D32D29872ABD164A001A83F3 /* Project object */;
}
